// !$*UTF8*$!
{
	archiveVersion = 1;
	classes = {
	};
	objectVersion = 55;
	objects = {

/* Begin PBXBuildFile section */
		731EE62A27FDDF0100250DE5 /* AppDelegate.swift in Sources */ = {isa = PBXBuildFile; fileRef = 731EE62927FDDF0100250DE5 /* AppDelegate.swift */; };
		731EE62C27FDDF0100250DE5 /* SceneDelegate.swift in Sources */ = {isa = PBXBuildFile; fileRef = 731EE62B27FDDF0100250DE5 /* SceneDelegate.swift */; };
		731EE62E27FDDF0100250DE5 /* MemoListViewController.swift in Sources */ = {isa = PBXBuildFile; fileRef = 731EE62D27FDDF0100250DE5 /* MemoListViewController.swift */; };
		731EE63127FDDF0100250DE5 /* Main.storyboard in Resources */ = {isa = PBXBuildFile; fileRef = 731EE62F27FDDF0100250DE5 /* Main.storyboard */; };
		731EE63427FDDF0100250DE5 /* MyMemory.xcdatamodeld in Sources */ = {isa = PBXBuildFile; fileRef = 731EE63227FDDF0100250DE5 /* MyMemory.xcdatamodeld */; };
		731EE63627FDDF0100250DE5 /* Assets.xcassets in Resources */ = {isa = PBXBuildFile; fileRef = 731EE63527FDDF0100250DE5 /* Assets.xcassets */; };
		731EE63927FDDF0100250DE5 /* LaunchScreen.storyboard in Resources */ = {isa = PBXBuildFile; fileRef = 731EE63727FDDF0100250DE5 /* LaunchScreen.storyboard */; };
		731EE64127FDEF6700250DE5 /* MemoReadViewController.swift in Sources */ = {isa = PBXBuildFile; fileRef = 731EE64027FDEF6700250DE5 /* MemoReadViewController.swift */; };
		731EE64327FDEF7900250DE5 /* MemoFormViewController.swift in Sources */ = {isa = PBXBuildFile; fileRef = 731EE64227FDEF7900250DE5 /* MemoFormViewController.swift */; };
		731EE64527FDF1FF00250DE5 /* MemoCell.swift in Sources */ = {isa = PBXBuildFile; fileRef = 731EE64427FDF1FF00250DE5 /* MemoCell.swift */; };
		731EE64727FDF23900250DE5 /* MemoData.swift in Sources */ = {isa = PBXBuildFile; fileRef = 731EE64627FDF23900250DE5 /* MemoData.swift */; };
		737554F02804A72F0082EF21 /* CSLogButton.swift in Sources */ = {isa = PBXBuildFile; fileRef = 737554EF2804A72F0082EF21 /* CSLogButton.swift */; };
		737A153D2805E82100AD2B8A /* SWRevealViewController.m in Sources */ = {isa = PBXBuildFile; fileRef = 737A153B2805E82100AD2B8A /* SWRevealViewController.m */; };
		737A153F2805EBDF00AD2B8A /* SideBarTableViewController.swift in Sources */ = {isa = PBXBuildFile; fileRef = 737A153E2805EBDF00AD2B8A /* SideBarTableViewController.swift */; };
/* End PBXBuildFile section */

/* Begin PBXFileReference section */
		731EE62627FDDF0100250DE5 /* MyMemory.app */ = {isa = PBXFileReference; explicitFileType = wrapper.application; includeInIndex = 0; path = MyMemory.app; sourceTree = BUILT_PRODUCTS_DIR; };
		731EE62927FDDF0100250DE5 /* AppDelegate.swift */ = {isa = PBXFileReference; lastKnownFileType = sourcecode.swift; path = AppDelegate.swift; sourceTree = "<group>"; };
		731EE62B27FDDF0100250DE5 /* SceneDelegate.swift */ = {isa = PBXFileReference; lastKnownFileType = sourcecode.swift; path = SceneDelegate.swift; sourceTree = "<group>"; };
		731EE62D27FDDF0100250DE5 /* MemoListViewController.swift */ = {isa = PBXFileReference; lastKnownFileType = sourcecode.swift; path = MemoListViewController.swift; sourceTree = "<group>"; };
		731EE63027FDDF0100250DE5 /* Base */ = {isa = PBXFileReference; lastKnownFileType = file.storyboard; name = Base; path = Base.lproj/Main.storyboard; sourceTree = "<group>"; };
		731EE63327FDDF0100250DE5 /* MyMemory.xcdatamodel */ = {isa = PBXFileReference; lastKnownFileType = wrapper.xcdatamodel; path = MyMemory.xcdatamodel; sourceTree = "<group>"; };
		731EE63527FDDF0100250DE5 /* Assets.xcassets */ = {isa = PBXFileReference; lastKnownFileType = folder.assetcatalog; path = Assets.xcassets; sourceTree = "<group>"; };
		731EE63827FDDF0100250DE5 /* Base */ = {isa = PBXFileReference; lastKnownFileType = file.storyboard; name = Base; path = Base.lproj/LaunchScreen.storyboard; sourceTree = "<group>"; };
		731EE63A27FDDF0100250DE5 /* Info.plist */ = {isa = PBXFileReference; lastKnownFileType = text.plist.xml; path = Info.plist; sourceTree = "<group>"; };
		731EE64027FDEF6700250DE5 /* MemoReadViewController.swift */ = {isa = PBXFileReference; lastKnownFileType = sourcecode.swift; path = MemoReadViewController.swift; sourceTree = "<group>"; };
		731EE64227FDEF7900250DE5 /* MemoFormViewController.swift */ = {isa = PBXFileReference; lastKnownFileType = sourcecode.swift; path = MemoFormViewController.swift; sourceTree = "<group>"; };
		731EE64427FDF1FF00250DE5 /* MemoCell.swift */ = {isa = PBXFileReference; lastKnownFileType = sourcecode.swift; path = MemoCell.swift; sourceTree = "<group>"; };
		731EE64627FDF23900250DE5 /* MemoData.swift */ = {isa = PBXFileReference; lastKnownFileType = sourcecode.swift; path = MemoData.swift; sourceTree = "<group>"; };
		737554EF2804A72F0082EF21 /* CSLogButton.swift */ = {isa = PBXFileReference; lastKnownFileType = sourcecode.swift; path = CSLogButton.swift; sourceTree = "<group>"; };
		737A153A2805E82000AD2B8A /* MyMemory-Bridging-Header.h */ = {isa = PBXFileReference; lastKnownFileType = sourcecode.c.h; path = "MyMemory-Bridging-Header.h"; sourceTree = "<group>"; };
		737A153B2805E82100AD2B8A /* SWRevealViewController.m */ = {isa = PBXFileReference; fileEncoding = 4; lastKnownFileType = sourcecode.c.objc; path = SWRevealViewController.m; sourceTree = "<group>"; };
		737A153C2805E82100AD2B8A /* SWRevealViewController.h */ = {isa = PBXFileReference; fileEncoding = 4; lastKnownFileType = sourcecode.c.h; path = SWRevealViewController.h; sourceTree = "<group>"; };
		737A153E2805EBDF00AD2B8A /* SideBarTableViewController.swift */ = {isa = PBXFileReference; lastKnownFileType = sourcecode.swift; path = SideBarTableViewController.swift; sourceTree = "<group>"; };
/* End PBXFileReference section */

/* Begin PBXFrameworksBuildPhase section */
		731EE62327FDDF0100250DE5 /* Frameworks */ = {
			isa = PBXFrameworksBuildPhase;
			buildActionMask = 2147483647;
			files = (
			);
			runOnlyForDeploymentPostprocessing = 0;
		};
/* End PBXFrameworksBuildPhase section */

/* Begin PBXGroup section */
		731EE61D27FDDF0100250DE5 = {
			isa = PBXGroup;
			children = (
				731EE62827FDDF0100250DE5 /* MyMemory */,
				731EE62727FDDF0100250DE5 /* Products */,
			);
			sourceTree = "<group>";
		};
		731EE62727FDDF0100250DE5 /* Products */ = {
			isa = PBXGroup;
			children = (
				731EE62627FDDF0100250DE5 /* MyMemory.app */,
			);
			name = Products;
			sourceTree = "<group>";
		};
		731EE62827FDDF0100250DE5 /* MyMemory */ = {
			isa = PBXGroup;
			children = (
				731EE62927FDDF0100250DE5 /* AppDelegate.swift */,
				731EE62B27FDDF0100250DE5 /* SceneDelegate.swift */,
				731EE62D27FDDF0100250DE5 /* MemoListViewController.swift */,
				737A153E2805EBDF00AD2B8A /* SideBarTableViewController.swift */,
				731EE64027FDEF6700250DE5 /* MemoReadViewController.swift */,
				731EE64227FDEF7900250DE5 /* MemoFormViewController.swift */,
				731EE62F27FDDF0100250DE5 /* Main.storyboard */,
				737554EF2804A72F0082EF21 /* CSLogButton.swift */,
				731EE64427FDF1FF00250DE5 /* MemoCell.swift */,
				731EE64627FDF23900250DE5 /* MemoData.swift */,
				731EE63527FDDF0100250DE5 /* Assets.xcassets */,
				731EE63727FDDF0100250DE5 /* LaunchScreen.storyboard */,
				731EE63A27FDDF0100250DE5 /* Info.plist */,
				731EE63227FDDF0100250DE5 /* MyMemory.xcdatamodeld */,
				737A153C2805E82100AD2B8A /* SWRevealViewController.h */,
				737A153B2805E82100AD2B8A /* SWRevealViewController.m */,
				737A153A2805E82000AD2B8A /* MyMemory-Bridging-Header.h */,
			);
			path = MyMemory;
			sourceTree = "<group>";
		};
/* End PBXGroup section */

/* Begin PBXNativeTarget section */
		731EE62527FDDF0100250DE5 /* MyMemory */ = {
			isa = PBXNativeTarget;
			buildConfigurationList = 731EE63D27FDDF0100250DE5 /* Build configuration list for PBXNativeTarget "MyMemory" */;
			buildPhases = (
				731EE62227FDDF0100250DE5 /* Sources */,
				731EE62327FDDF0100250DE5 /* Frameworks */,
				731EE62427FDDF0100250DE5 /* Resources */,
			);
			buildRules = (
			);
			dependencies = (
			);
			name = MyMemory;
			productName = MyMemory;
			productReference = 731EE62627FDDF0100250DE5 /* MyMemory.app */;
			productType = "com.apple.product-type.application";
		};
/* End PBXNativeTarget section */

/* Begin PBXProject section */
		731EE61E27FDDF0100250DE5 /* Project object */ = {
			isa = PBXProject;
			attributes = {
				BuildIndependentTargetsInParallel = 1;
				LastSwiftUpdateCheck = 1330;
				LastUpgradeCheck = 1330;
				TargetAttributes = {
					731EE62527FDDF0100250DE5 = {
						CreatedOnToolsVersion = 13.3;
						LastSwiftMigration = 1330;
					};
				};
			};
			buildConfigurationList = 731EE62127FDDF0100250DE5 /* Build configuration list for PBXProject "MyMemory" */;
			compatibilityVersion = "Xcode 13.0";
			developmentRegion = en;
			hasScannedForEncodings = 0;
			knownRegions = (
				en,
				Base,
			);
			mainGroup = 731EE61D27FDDF0100250DE5;
			productRefGroup = 731EE62727FDDF0100250DE5 /* Products */;
			projectDirPath = "";
			projectRoot = "";
			targets = (
				731EE62527FDDF0100250DE5 /* MyMemory */,
			);
		};
/* End PBXProject section */

/* Begin PBXResourcesBuildPhase section */
		731EE62427FDDF0100250DE5 /* Resources */ = {
			isa = PBXResourcesBuildPhase;
			buildActionMask = 2147483647;
			files = (
				731EE63927FDDF0100250DE5 /* LaunchScreen.storyboard in Resources */,
				731EE63627FDDF0100250DE5 /* Assets.xcassets in Resources */,
				731EE63127FDDF0100250DE5 /* Main.storyboard in Resources */,
			);
			runOnlyForDeploymentPostprocessing = 0;
		};
/* End PBXResourcesBuildPhase section */

/* Begin PBXSourcesBuildPhase section */
		731EE62227FDDF0100250DE5 /* Sources */ = {
			isa = PBXSourcesBuildPhase;
			buildActionMask = 2147483647;
			files = (
				737554F02804A72F0082EF21 /* CSLogButton.swift in Sources */,
				731EE64527FDF1FF00250DE5 /* MemoCell.swift in Sources */,
				731EE64727FDF23900250DE5 /* MemoData.swift in Sources */,
				731EE63427FDDF0100250DE5 /* MyMemory.xcdatamodeld in Sources */,
				731EE62E27FDDF0100250DE5 /* MemoListViewController.swift in Sources */,
				731EE64327FDEF7900250DE5 /* MemoFormViewController.swift in Sources */,
				731EE64127FDEF6700250DE5 /* MemoReadViewController.swift in Sources */,
				737A153D2805E82100AD2B8A /* SWRevealViewController.m in Sources */,
				731EE62A27FDDF0100250DE5 /* AppDelegate.swift in Sources */,
				731EE62C27FDDF0100250DE5 /* SceneDelegate.swift in Sources */,
				737A153F2805EBDF00AD2B8A /* SideBarTableViewController.swift in Sources */,
			);
			runOnlyForDeploymentPostprocessing = 0;
		};
/* End PBXSourcesBuildPhase section */

/* Begin PBXVariantGroup section */
		731EE62F27FDDF0100250DE5 /* Main.storyboard */ = {
			isa = PBXVariantGroup;
			children = (
				731EE63027FDDF0100250DE5 /* Base */,
			);
			name = Main.storyboard;
			sourceTree = "<group>";
		};
		731EE63727FDDF0100250DE5 /* LaunchScreen.storyboard */ = {
			isa = PBXVariantGroup;
			children = (
				731EE63827FDDF0100250DE5 /* Base */,
			);
			name = LaunchScreen.storyboard;
			sourceTree = "<group>";
		};
/* End PBXVariantGroup section */

/* Begin XCBuildConfiguration section */
		731EE63B27FDDF0100250DE5 /* Debug */ = {
			isa = XCBuildConfiguration;
			buildSettings = {
				ALWAYS_SEARCH_USER_PATHS = NO;
				CLANG_ANALYZER_NONNULL = YES;
				CLANG_ANALYZER_NUMBER_OBJECT_CONVERSION = YES_AGGRESSIVE;
				CLANG_CXX_LANGUAGE_STANDARD = "gnu++17";
				CLANG_ENABLE_MODULES = YES;
				CLANG_ENABLE_OBJC_ARC = YES;
				CLANG_ENABLE_OBJC_WEAK = YES;
				CLANG_WARN_BLOCK_CAPTURE_AUTORELEASING = YES;
				CLANG_WARN_BOOL_CONVERSION = YES;
				CLANG_WARN_COMMA = YES;
				CLANG_WARN_CONSTANT_CONVERSION = YES;
				CLANG_WARN_DEPRECATED_OBJC_IMPLEMENTATIONS = YES;
				CLANG_WARN_DIRECT_OBJC_ISA_USAGE = YES_ERROR;
				CLANG_WARN_DOCUMENTATION_COMMENTS = YES;
				CLANG_WARN_EMPTY_BODY = YES;
				CLANG_WARN_ENUM_CONVERSION = YES;
				CLANG_WARN_INFINITE_RECURSION = YES;
				CLANG_WARN_INT_CONVERSION = YES;
				CLANG_WARN_NON_LITERAL_NULL_CONVERSION = YES;
				CLANG_WARN_OBJC_IMPLICIT_RETAIN_SELF = YES;
				CLANG_WARN_OBJC_LITERAL_CONVERSION = YES;
				CLANG_WARN_OBJC_ROOT_CLASS = YES_ERROR;
				CLANG_WARN_QUOTED_INCLUDE_IN_FRAMEWORK_HEADER = YES;
				CLANG_WARN_RANGE_LOOP_ANALYSIS = YES;
				CLANG_WARN_STRICT_PROTOTYPES = YES;
				CLANG_WARN_SUSPICIOUS_MOVE = YES;
				CLANG_WARN_UNGUARDED_AVAILABILITY = YES_AGGRESSIVE;
				CLANG_WARN_UNREACHABLE_CODE = YES;
				CLANG_WARN__DUPLICATE_METHOD_MATCH = YES;
				COPY_PHASE_STRIP = NO;
				DEBUG_INFORMATION_FORMAT = dwarf;
				ENABLE_STRICT_OBJC_MSGSEND = YES;
				ENABLE_TESTABILITY = YES;
				GCC_C_LANGUAGE_STANDARD = gnu11;
				GCC_DYNAMIC_NO_PIC = NO;
				GCC_NO_COMMON_BLOCKS = YES;
				GCC_OPTIMIZATION_LEVEL = 0;
				GCC_PREPROCESSOR_DEFINITIONS = (
					"DEBUG=1",
					"$(inherited)",
				);
				GCC_WARN_64_TO_32_BIT_CONVERSION = YES;
				GCC_WARN_ABOUT_RETURN_TYPE = YES_ERROR;
				GCC_WARN_UNDECLARED_SELECTOR = YES;
				GCC_WARN_UNINITIALIZED_AUTOS = YES_AGGRESSIVE;
				GCC_WARN_UNUSED_FUNCTION = YES;
				GCC_WARN_UNUSED_VARIABLE = YES;
				IPHONEOS_DEPLOYMENT_TARGET = 15.4;
				MTL_ENABLE_DEBUG_INFO = INCLUDE_SOURCE;
				MTL_FAST_MATH = YES;
				ONLY_ACTIVE_ARCH = YES;
				SDKROOT = iphoneos;
				SWIFT_ACTIVE_COMPILATION_CONDITIONS = DEBUG;
				SWIFT_OPTIMIZATION_LEVEL = "-Onone";
			};
			name = Debug;
		};
		731EE63C27FDDF0100250DE5 /* Release */ = {
			isa = XCBuildConfiguration;
			buildSettings = {
				ALWAYS_SEARCH_USER_PATHS = NO;
				CLANG_ANALYZER_NONNULL = YES;
				CLANG_ANALYZER_NUMBER_OBJECT_CONVERSION = YES_AGGRESSIVE;
				CLANG_CXX_LANGUAGE_STANDARD = "gnu++17";
				CLANG_ENABLE_MODULES = YES;
				CLANG_ENABLE_OBJC_ARC = YES;
				CLANG_ENABLE_OBJC_WEAK = YES;
				CLANG_WARN_BLOCK_CAPTURE_AUTORELEASING = YES;
				CLANG_WARN_BOOL_CONVERSION = YES;
				CLANG_WARN_COMMA = YES;
				CLANG_WARN_CONSTANT_CONVERSION = YES;
				CLANG_WARN_DEPRECATED_OBJC_IMPLEMENTATIONS = YES;
				CLANG_WARN_DIRECT_OBJC_ISA_USAGE = YES_ERROR;
				CLANG_WARN_DOCUMENTATION_COMMENTS = YES;
				CLANG_WARN_EMPTY_BODY = YES;
				CLANG_WARN_ENUM_CONVERSION = YES;
				CLANG_WARN_INFINITE_RECURSION = YES;
				CLANG_WARN_INT_CONVERSION = YES;
				CLANG_WARN_NON_LITERAL_NULL_CONVERSION = YES;
				CLANG_WARN_OBJC_IMPLICIT_RETAIN_SELF = YES;
				CLANG_WARN_OBJC_LITERAL_CONVERSION = YES;
				CLANG_WARN_OBJC_ROOT_CLASS = YES_ERROR;
				CLANG_WARN_QUOTED_INCLUDE_IN_FRAMEWORK_HEADER = YES;
				CLANG_WARN_RANGE_LOOP_ANALYSIS = YES;
				CLANG_WARN_STRICT_PROTOTYPES = YES;
				CLANG_WARN_SUSPICIOUS_MOVE = YES;
				CLANG_WARN_UNGUARDED_AVAILABILITY = YES_AGGRESSIVE;
				CLANG_WARN_UNREACHABLE_CODE = YES;
				CLANG_WARN__DUPLICATE_METHOD_MATCH = YES;
				COPY_PHASE_STRIP = NO;
				DEBUG_INFORMATION_FORMAT = "dwarf-with-dsym";
				ENABLE_NS_ASSERTIONS = NO;
				ENABLE_STRICT_OBJC_MSGSEND = YES;
				GCC_C_LANGUAGE_STANDARD = gnu11;
				GCC_NO_COMMON_BLOCKS = YES;
				GCC_WARN_64_TO_32_BIT_CONVERSION = YES;
				GCC_WARN_ABOUT_RETURN_TYPE = YES_ERROR;
				GCC_WARN_UNDECLARED_SELECTOR = YES;
				GCC_WARN_UNINITIALIZED_AUTOS = YES_AGGRESSIVE;
				GCC_WARN_UNUSED_FUNCTION = YES;
				GCC_WARN_UNUSED_VARIABLE = YES;
				IPHONEOS_DEPLOYMENT_TARGET = 15.4;
				MTL_ENABLE_DEBUG_INFO = NO;
				MTL_FAST_MATH = YES;
				SDKROOT = iphoneos;
				SWIFT_COMPILATION_MODE = wholemodule;
				SWIFT_OPTIMIZATION_LEVEL = "-O";
				VALIDATE_PRODUCT = YES;
			};
			name = Release;
		};
		731EE63E27FDDF0100250DE5 /* Debug */ = {
			isa = XCBuildConfiguration;
			buildSettings = {
				ASSETCATALOG_COMPILER_APPICON_NAME = AppIcon;
				ASSETCATALOG_COMPILER_GLOBAL_ACCENT_COLOR_NAME = AccentColor;
				CLANG_ENABLE_MODULES = YES;
				CODE_SIGN_STYLE = Automatic;
				CURRENT_PROJECT_VERSION = 1;
				GENERATE_INFOPLIST_FILE = YES;
				INFOPLIST_FILE = MyMemory/Info.plist;
				INFOPLIST_KEY_UIApplicationSupportsIndirectInputEvents = YES;
				INFOPLIST_KEY_UILaunchStoryboardName = LaunchScreen;
				INFOPLIST_KEY_UIMainStoryboardFile = Main;
				INFOPLIST_KEY_UISupportedInterfaceOrientations_iPad = "UIInterfaceOrientationPortrait UIInterfaceOrientationPortraitUpsideDown UIInterfaceOrientationLandscapeLeft UIInterfaceOrientationLandscapeRight";
				INFOPLIST_KEY_UISupportedInterfaceOrientations_iPhone = "UIInterfaceOrientationPortrait UIInterfaceOrientationLandscapeLeft UIInterfaceOrientationLandscapeRight";
				LD_RUNPATH_SEARCH_PATHS = (
					"$(inherited)",
					"@executable_path/Frameworks",
				);
				MARKETING_VERSION = 1.0;
				PRODUCT_BUNDLE_IDENTIFIER = jooyoung.MyMemory;
				PRODUCT_NAME = "$(TARGET_NAME)";
				SWIFT_EMIT_LOC_STRINGS = YES;
				SWIFT_OBJC_BRIDGING_HEADER = "MyMemory/MyMemory-Bridging-Header.h";
				SWIFT_OPTIMIZATION_LEVEL = "-Onone";
				SWIFT_VERSION = 5.0;
				TARGETED_DEVICE_FAMILY = "1,2";
			};
			name = Debug;
		};
		731EE63F27FDDF0100250DE5 /* Release */ = {
			isa = XCBuildConfiguration;
			buildSettings = {
				ASSETCATALOG_COMPILER_APPICON_NAME = AppIcon;
				ASSETCATALOG_COMPILER_GLOBAL_ACCENT_COLOR_NAME = AccentColor;
				CLANG_ENABLE_MODULES = YES;
				CODE_SIGN_STYLE = Automatic;
				CURRENT_PROJECT_VERSION = 1;
				GENERATE_INFOPLIST_FILE = YES;
				INFOPLIST_FILE = MyMemory/Info.plist;
				INFOPLIST_KEY_UIApplicationSupportsIndirectInputEvents = YES;
				INFOPLIST_KEY_UILaunchStoryboardName = LaunchScreen;
				INFOPLIST_KEY_UIMainStoryboardFile = Main;
				INFOPLIST_KEY_UISupportedInterfaceOrientations_iPad = "UIInterfaceOrientationPortrait UIInterfaceOrientationPortraitUpsideDown UIInterfaceOrientationLandscapeLeft UIInterfaceOrientationLandscapeRight";
				INFOPLIST_KEY_UISupportedInterfaceOrientations_iPhone = "UIInterfaceOrientationPortrait UIInterfaceOrientationLandscapeLeft UIInterfaceOrientationLandscapeRight";
				LD_RUNPATH_SEARCH_PATHS = (
					"$(inherited)",
					"@executable_path/Frameworks",
				);
				MARKETING_VERSION = 1.0;
				PRODUCT_BUNDLE_IDENTIFIER = jooyoung.MyMemory;
				PRODUCT_NAME = "$(TARGET_NAME)";
				SWIFT_EMIT_LOC_STRINGS = YES;
				SWIFT_OBJC_BRIDGING_HEADER = "MyMemory/MyMemory-Bridging-Header.h";
				SWIFT_VERSION = 5.0;
				TARGETED_DEVICE_FAMILY = "1,2";
			};
			name = Release;
		};
/* End XCBuildConfiguration section */

/* Begin XCConfigurationList section */
		731EE62127FDDF0100250DE5 /* Build configuration list for PBXProject "MyMemory" */ = {
			isa = XCConfigurationList;
			buildConfigurations = (
				731EE63B27FDDF0100250DE5 /* Debug */,
				731EE63C27FDDF0100250DE5 /* Release */,
			);
			defaultConfigurationIsVisible = 0;
			defaultConfigurationName = Release;
		};
		731EE63D27FDDF0100250DE5 /* Build configuration list for PBXNativeTarget "MyMemory" */ = {
			isa = XCConfigurationList;
			buildConfigurations = (
				731EE63E27FDDF0100250DE5 /* Debug */,
				731EE63F27FDDF0100250DE5 /* Release */,
			);
			defaultConfigurationIsVisible = 0;
			defaultConfigurationName = Release;
		};
/* End XCConfigurationList section */

/* Begin XCVersionGroup section */
		731EE63227FDDF0100250DE5 /* MyMemory.xcdatamodeld */ = {
			isa = XCVersionGroup;
			children = (
				731EE63327FDDF0100250DE5 /* MyMemory.xcdatamodel */,
			);
			currentVersion = 731EE63327FDDF0100250DE5 /* MyMemory.xcdatamodel */;
			path = MyMemory.xcdatamodeld;
			sourceTree = "<group>";
			versionGroupType = wrapper.xcdatamodel;
		};
/* End XCVersionGroup section */
	};
	rootObject = 731EE61E27FDDF0100250DE5 /* Project object */;
}
