// !$*UTF8*$!
{
	archiveVersion = 1;
	classes = {
	};
	objectVersion = 55;
	objects = {

/* Begin PBXBuildFile section */
		73C8B800280F2117007E5F56 /* DepartmentListTableViewController.swift in Sources */ = {isa = PBXBuildFile; fileRef = 73C8B7FF280F2117007E5F56 /* DepartmentListTableViewController.swift */; };
		73C8B802280F212B007E5F56 /* EmplyeeListTableViewController.swift in Sources */ = {isa = PBXBuildFile; fileRef = 73C8B801280F212B007E5F56 /* EmplyeeListTableViewController.swift */; };
		73CF5FFE280F1D3C00E20BCA /* AppDelegate.swift in Sources */ = {isa = PBXBuildFile; fileRef = 73CF5FFD280F1D3C00E20BCA /* AppDelegate.swift */; };
		73CF6000280F1D3C00E20BCA /* SceneDelegate.swift in Sources */ = {isa = PBXBuildFile; fileRef = 73CF5FFF280F1D3C00E20BCA /* SceneDelegate.swift */; };
		73CF6005280F1D3C00E20BCA /* Main.storyboard in Resources */ = {isa = PBXBuildFile; fileRef = 73CF6003280F1D3C00E20BCA /* Main.storyboard */; };
		73CF6007280F1D3D00E20BCA /* Assets.xcassets in Resources */ = {isa = PBXBuildFile; fileRef = 73CF6006280F1D3D00E20BCA /* Assets.xcassets */; };
		73CF600A280F1D3D00E20BCA /* LaunchScreen.storyboard in Resources */ = {isa = PBXBuildFile; fileRef = 73CF6008280F1D3D00E20BCA /* LaunchScreen.storyboard */; };
		73CF6013280F1D5D00E20BCA /* libsqlite3.tbd in Frameworks */ = {isa = PBXBuildFile; fileRef = 73CF6012280F1D5D00E20BCA /* libsqlite3.tbd */; };
		73CF6018280F1E1500E20BCA /* fmdb in Resources */ = {isa = PBXBuildFile; fileRef = 73CF6017280F1E1500E20BCA /* fmdb */; };
/* End PBXBuildFile section */

/* Begin PBXFileReference section */
		73C8B7FF280F2117007E5F56 /* DepartmentListTableViewController.swift */ = {isa = PBXFileReference; lastKnownFileType = sourcecode.swift; path = DepartmentListTableViewController.swift; sourceTree = "<group>"; };
		73C8B801280F212B007E5F56 /* EmplyeeListTableViewController.swift */ = {isa = PBXFileReference; lastKnownFileType = sourcecode.swift; path = EmplyeeListTableViewController.swift; sourceTree = "<group>"; };
		73CF5FFA280F1D3C00E20BCA /* HRPractice.app */ = {isa = PBXFileReference; explicitFileType = wrapper.application; includeInIndex = 0; path = HRPractice.app; sourceTree = BUILT_PRODUCTS_DIR; };
		73CF5FFD280F1D3C00E20BCA /* AppDelegate.swift */ = {isa = PBXFileReference; lastKnownFileType = sourcecode.swift; path = AppDelegate.swift; sourceTree = "<group>"; };
		73CF5FFF280F1D3C00E20BCA /* SceneDelegate.swift */ = {isa = PBXFileReference; lastKnownFileType = sourcecode.swift; path = SceneDelegate.swift; sourceTree = "<group>"; };
		73CF6004280F1D3C00E20BCA /* Base */ = {isa = PBXFileReference; lastKnownFileType = file.storyboard; name = Base; path = Base.lproj/Main.storyboard; sourceTree = "<group>"; };
		73CF6006280F1D3D00E20BCA /* Assets.xcassets */ = {isa = PBXFileReference; lastKnownFileType = folder.assetcatalog; path = Assets.xcassets; sourceTree = "<group>"; };
		73CF6009280F1D3D00E20BCA /* Base */ = {isa = PBXFileReference; lastKnownFileType = file.storyboard; name = Base; path = Base.lproj/LaunchScreen.storyboard; sourceTree = "<group>"; };
		73CF600B280F1D3D00E20BCA /* Info.plist */ = {isa = PBXFileReference; lastKnownFileType = text.plist.xml; path = Info.plist; sourceTree = "<group>"; };
		73CF6012280F1D5D00E20BCA /* libsqlite3.tbd */ = {isa = PBXFileReference; lastKnownFileType = "sourcecode.text-based-dylib-definition"; name = libsqlite3.tbd; path = usr/lib/libsqlite3.tbd; sourceTree = SDKROOT; };
		73CF6017280F1E1500E20BCA /* fmdb */ = {isa = PBXFileReference; lastKnownFileType = folder; name = fmdb; path = ../../../DB/fmdb/src/fmdb; sourceTree = "<group>"; };
		73CF601A280F1F0F00E20BCA /* HR-Bridging-Header.h */ = {isa = PBXFileReference; lastKnownFileType = sourcecode.c.h; path = "HR-Bridging-Header.h"; sourceTree = "<group>"; };
/* End PBXFileReference section */

/* Begin PBXFrameworksBuildPhase section */
		73CF5FF7280F1D3C00E20BCA /* Frameworks */ = {
			isa = PBXFrameworksBuildPhase;
			buildActionMask = 2147483647;
			files = (
				73CF6013280F1D5D00E20BCA /* libsqlite3.tbd in Frameworks */,
			);
			runOnlyForDeploymentPostprocessing = 0;
		};
/* End PBXFrameworksBuildPhase section */

/* Begin PBXGroup section */
		73CF5FF1280F1D3C00E20BCA = {
			isa = PBXGroup;
			children = (
				73CF6017280F1E1500E20BCA /* fmdb */,
				73CF5FFC280F1D3C00E20BCA /* HRPractice */,
				73CF5FFB280F1D3C00E20BCA /* Products */,
				73CF6011280F1D5D00E20BCA /* Frameworks */,
			);
			sourceTree = "<group>";
		};
		73CF5FFB280F1D3C00E20BCA /* Products */ = {
			isa = PBXGroup;
			children = (
				73CF5FFA280F1D3C00E20BCA /* HRPractice.app */,
			);
			name = Products;
			sourceTree = "<group>";
		};
		73CF5FFC280F1D3C00E20BCA /* HRPractice */ = {
			isa = PBXGroup;
			children = (
				73CF5FFD280F1D3C00E20BCA /* AppDelegate.swift */,
				73CF5FFF280F1D3C00E20BCA /* SceneDelegate.swift */,
				73CF6003280F1D3C00E20BCA /* Main.storyboard */,
				73C8B7FF280F2117007E5F56 /* DepartmentListTableViewController.swift */,
				73C8B801280F212B007E5F56 /* EmplyeeListTableViewController.swift */,
				73CF6006280F1D3D00E20BCA /* Assets.xcassets */,
				73CF6008280F1D3D00E20BCA /* LaunchScreen.storyboard */,
				73CF600B280F1D3D00E20BCA /* Info.plist */,
				73CF601A280F1F0F00E20BCA /* HR-Bridging-Header.h */,
			);
			path = HRPractice;
			sourceTree = "<group>";
		};
		73CF6011280F1D5D00E20BCA /* Frameworks */ = {
			isa = PBXGroup;
			children = (
				73CF6012280F1D5D00E20BCA /* libsqlite3.tbd */,
			);
			name = Frameworks;
			sourceTree = "<group>";
		};
/* End PBXGroup section */

/* Begin PBXNativeTarget section */
		73CF5FF9280F1D3C00E20BCA /* HRPractice */ = {
			isa = PBXNativeTarget;
			buildConfigurationList = 73CF600E280F1D3D00E20BCA /* Build configuration list for PBXNativeTarget "HRPractice" */;
			buildPhases = (
				73CF5FF6280F1D3C00E20BCA /* Sources */,
				73CF5FF7280F1D3C00E20BCA /* Frameworks */,
				73CF5FF8280F1D3C00E20BCA /* Resources */,
			);
			buildRules = (
			);
			dependencies = (
			);
			name = HRPractice;
			productName = HRPractice;
			productReference = 73CF5FFA280F1D3C00E20BCA /* HRPractice.app */;
			productType = "com.apple.product-type.application";
		};
/* End PBXNativeTarget section */

/* Begin PBXProject section */
		73CF5FF2280F1D3C00E20BCA /* Project object */ = {
			isa = PBXProject;
			attributes = {
				BuildIndependentTargetsInParallel = 1;
				LastSwiftUpdateCheck = 1330;
				LastUpgradeCheck = 1330;
				TargetAttributes = {
					73CF5FF9280F1D3C00E20BCA = {
						CreatedOnToolsVersion = 13.3;
					};
				};
			};
			buildConfigurationList = 73CF5FF5280F1D3C00E20BCA /* Build configuration list for PBXProject "HRPractice" */;
			compatibilityVersion = "Xcode 13.0";
			developmentRegion = en;
			hasScannedForEncodings = 0;
			knownRegions = (
				en,
				Base,
			);
			mainGroup = 73CF5FF1280F1D3C00E20BCA;
			productRefGroup = 73CF5FFB280F1D3C00E20BCA /* Products */;
			projectDirPath = "";
			projectRoot = "";
			targets = (
				73CF5FF9280F1D3C00E20BCA /* HRPractice */,
			);
		};
/* End PBXProject section */

/* Begin PBXResourcesBuildPhase section */
		73CF5FF8280F1D3C00E20BCA /* Resources */ = {
			isa = PBXResourcesBuildPhase;
			buildActionMask = 2147483647;
			files = (
				73CF600A280F1D3D00E20BCA /* LaunchScreen.storyboard in Resources */,
				73CF6018280F1E1500E20BCA /* fmdb in Resources */,
				73CF6007280F1D3D00E20BCA /* Assets.xcassets in Resources */,
				73CF6005280F1D3C00E20BCA /* Main.storyboard in Resources */,
			);
			runOnlyForDeploymentPostprocessing = 0;
		};
/* End PBXResourcesBuildPhase section */

/* Begin PBXSourcesBuildPhase section */
		73CF5FF6280F1D3C00E20BCA /* Sources */ = {
			isa = PBXSourcesBuildPhase;
			buildActionMask = 2147483647;
			files = (
				73CF5FFE280F1D3C00E20BCA /* AppDelegate.swift in Sources */,
				73CF6000280F1D3C00E20BCA /* SceneDelegate.swift in Sources */,
				73C8B800280F2117007E5F56 /* DepartmentListTableViewController.swift in Sources */,
				73C8B802280F212B007E5F56 /* EmplyeeListTableViewController.swift in Sources */,
			);
			runOnlyForDeploymentPostprocessing = 0;
		};
/* End PBXSourcesBuildPhase section */

/* Begin PBXVariantGroup section */
		73CF6003280F1D3C00E20BCA /* Main.storyboard */ = {
			isa = PBXVariantGroup;
			children = (
				73CF6004280F1D3C00E20BCA /* Base */,
			);
			name = Main.storyboard;
			sourceTree = "<group>";
		};
		73CF6008280F1D3D00E20BCA /* LaunchScreen.storyboard */ = {
			isa = PBXVariantGroup;
			children = (
				73CF6009280F1D3D00E20BCA /* Base */,
			);
			name = LaunchScreen.storyboard;
			sourceTree = "<group>";
		};
/* End PBXVariantGroup section */

/* Begin XCBuildConfiguration section */
		73CF600C280F1D3D00E20BCA /* Debug */ = {
			isa = XCBuildConfiguration;
			buildSettings = {
				ALWAYS_SEARCH_USER_PATHS = NO;
				CLANG_ANALYZER_NONNULL = YES;
				CLANG_ANALYZER_NUMBER_OBJECT_CONVERSION = YES_AGGRESSIVE;
				CLANG_CXX_LANGUAGE_STANDARD = "gnu++17";
				CLANG_ENABLE_MODULES = YES;
				CLANG_ENABLE_OBJC_ARC = YES;
				CLANG_ENABLE_OBJC_WEAK = YES;
				CLANG_WARN_BLOCK_CAPTURE_AUTORELEASING = YES;
				CLANG_WARN_BOOL_CONVERSION = YES;
				CLANG_WARN_COMMA = YES;
				CLANG_WARN_CONSTANT_CONVERSION = YES;
				CLANG_WARN_DEPRECATED_OBJC_IMPLEMENTATIONS = YES;
				CLANG_WARN_DIRECT_OBJC_ISA_USAGE = YES_ERROR;
				CLANG_WARN_DOCUMENTATION_COMMENTS = YES;
				CLANG_WARN_EMPTY_BODY = YES;
				CLANG_WARN_ENUM_CONVERSION = YES;
				CLANG_WARN_INFINITE_RECURSION = YES;
				CLANG_WARN_INT_CONVERSION = YES;
				CLANG_WARN_NON_LITERAL_NULL_CONVERSION = YES;
				CLANG_WARN_OBJC_IMPLICIT_RETAIN_SELF = YES;
				CLANG_WARN_OBJC_LITERAL_CONVERSION = YES;
				CLANG_WARN_OBJC_ROOT_CLASS = YES_ERROR;
				CLANG_WARN_QUOTED_INCLUDE_IN_FRAMEWORK_HEADER = YES;
				CLANG_WARN_RANGE_LOOP_ANALYSIS = YES;
				CLANG_WARN_STRICT_PROTOTYPES = YES;
				CLANG_WARN_SUSPICIOUS_MOVE = YES;
				CLANG_WARN_UNGUARDED_AVAILABILITY = YES_AGGRESSIVE;
				CLANG_WARN_UNREACHABLE_CODE = YES;
				CLANG_WARN__DUPLICATE_METHOD_MATCH = YES;
				COPY_PHASE_STRIP = NO;
				DEBUG_INFORMATION_FORMAT = dwarf;
				ENABLE_STRICT_OBJC_MSGSEND = YES;
				ENABLE_TESTABILITY = YES;
				GCC_C_LANGUAGE_STANDARD = gnu11;
				GCC_DYNAMIC_NO_PIC = NO;
				GCC_NO_COMMON_BLOCKS = YES;
				GCC_OPTIMIZATION_LEVEL = 0;
				GCC_PREPROCESSOR_DEFINITIONS = (
					"DEBUG=1",
					"$(inherited)",
				);
				GCC_WARN_64_TO_32_BIT_CONVERSION = YES;
				GCC_WARN_ABOUT_RETURN_TYPE = YES_ERROR;
				GCC_WARN_UNDECLARED_SELECTOR = YES;
				GCC_WARN_UNINITIALIZED_AUTOS = YES_AGGRESSIVE;
				GCC_WARN_UNUSED_FUNCTION = YES;
				GCC_WARN_UNUSED_VARIABLE = YES;
				IPHONEOS_DEPLOYMENT_TARGET = 15.4;
				MTL_ENABLE_DEBUG_INFO = INCLUDE_SOURCE;
				MTL_FAST_MATH = YES;
				ONLY_ACTIVE_ARCH = YES;
				SDKROOT = iphoneos;
				SWIFT_ACTIVE_COMPILATION_CONDITIONS = DEBUG;
				SWIFT_OPTIMIZATION_LEVEL = "-Onone";
			};
			name = Debug;
		};
		73CF600D280F1D3D00E20BCA /* Release */ = {
			isa = XCBuildConfiguration;
			buildSettings = {
				ALWAYS_SEARCH_USER_PATHS = NO;
				CLANG_ANALYZER_NONNULL = YES;
				CLANG_ANALYZER_NUMBER_OBJECT_CONVERSION = YES_AGGRESSIVE;
				CLANG_CXX_LANGUAGE_STANDARD = "gnu++17";
				CLANG_ENABLE_MODULES = YES;
				CLANG_ENABLE_OBJC_ARC = YES;
				CLANG_ENABLE_OBJC_WEAK = YES;
				CLANG_WARN_BLOCK_CAPTURE_AUTORELEASING = YES;
				CLANG_WARN_BOOL_CONVERSION = YES;
				CLANG_WARN_COMMA = YES;
				CLANG_WARN_CONSTANT_CONVERSION = YES;
				CLANG_WARN_DEPRECATED_OBJC_IMPLEMENTATIONS = YES;
				CLANG_WARN_DIRECT_OBJC_ISA_USAGE = YES_ERROR;
				CLANG_WARN_DOCUMENTATION_COMMENTS = YES;
				CLANG_WARN_EMPTY_BODY = YES;
				CLANG_WARN_ENUM_CONVERSION = YES;
				CLANG_WARN_INFINITE_RECURSION = YES;
				CLANG_WARN_INT_CONVERSION = YES;
				CLANG_WARN_NON_LITERAL_NULL_CONVERSION = YES;
				CLANG_WARN_OBJC_IMPLICIT_RETAIN_SELF = YES;
				CLANG_WARN_OBJC_LITERAL_CONVERSION = YES;
				CLANG_WARN_OBJC_ROOT_CLASS = YES_ERROR;
				CLANG_WARN_QUOTED_INCLUDE_IN_FRAMEWORK_HEADER = YES;
				CLANG_WARN_RANGE_LOOP_ANALYSIS = YES;
				CLANG_WARN_STRICT_PROTOTYPES = YES;
				CLANG_WARN_SUSPICIOUS_MOVE = YES;
				CLANG_WARN_UNGUARDED_AVAILABILITY = YES_AGGRESSIVE;
				CLANG_WARN_UNREACHABLE_CODE = YES;
				CLANG_WARN__DUPLICATE_METHOD_MATCH = YES;
				COPY_PHASE_STRIP = NO;
				DEBUG_INFORMATION_FORMAT = "dwarf-with-dsym";
				ENABLE_NS_ASSERTIONS = NO;
				ENABLE_STRICT_OBJC_MSGSEND = YES;
				GCC_C_LANGUAGE_STANDARD = gnu11;
				GCC_NO_COMMON_BLOCKS = YES;
				GCC_WARN_64_TO_32_BIT_CONVERSION = YES;
				GCC_WARN_ABOUT_RETURN_TYPE = YES_ERROR;
				GCC_WARN_UNDECLARED_SELECTOR = YES;
				GCC_WARN_UNINITIALIZED_AUTOS = YES_AGGRESSIVE;
				GCC_WARN_UNUSED_FUNCTION = YES;
				GCC_WARN_UNUSED_VARIABLE = YES;
				IPHONEOS_DEPLOYMENT_TARGET = 15.4;
				MTL_ENABLE_DEBUG_INFO = NO;
				MTL_FAST_MATH = YES;
				SDKROOT = iphoneos;
				SWIFT_COMPILATION_MODE = wholemodule;
				SWIFT_OPTIMIZATION_LEVEL = "-O";
				VALIDATE_PRODUCT = YES;
			};
			name = Release;
		};
		73CF600F280F1D3D00E20BCA /* Debug */ = {
			isa = XCBuildConfiguration;
			buildSettings = {
				ASSETCATALOG_COMPILER_APPICON_NAME = AppIcon;
				ASSETCATALOG_COMPILER_GLOBAL_ACCENT_COLOR_NAME = AccentColor;
				CODE_SIGN_STYLE = Automatic;
				CURRENT_PROJECT_VERSION = 1;
				GENERATE_INFOPLIST_FILE = YES;
				INFOPLIST_FILE = HRPractice/Info.plist;
				INFOPLIST_KEY_UIApplicationSupportsIndirectInputEvents = YES;
				INFOPLIST_KEY_UILaunchStoryboardName = LaunchScreen;
				INFOPLIST_KEY_UIMainStoryboardFile = Main;
				INFOPLIST_KEY_UISupportedInterfaceOrientations_iPad = "UIInterfaceOrientationPortrait UIInterfaceOrientationPortraitUpsideDown UIInterfaceOrientationLandscapeLeft UIInterfaceOrientationLandscapeRight";
				INFOPLIST_KEY_UISupportedInterfaceOrientations_iPhone = "UIInterfaceOrientationPortrait UIInterfaceOrientationLandscapeLeft UIInterfaceOrientationLandscapeRight";
				LD_RUNPATH_SEARCH_PATHS = (
					"$(inherited)",
					"@executable_path/Frameworks",
				);
				MARKETING_VERSION = 1.0;
				PRODUCT_BUNDLE_IDENTIFIER = jooyoung.HRPractice;
				PRODUCT_NAME = "$(TARGET_NAME)";
				SWIFT_EMIT_LOC_STRINGS = YES;
				SWIFT_OBJC_BRIDGING_HEADER = "/Users/nohjooyoung/Desktop/asd/Xcode_Practice_MyMemory/HRPractice/HRPractice/HR-Bridging-Header.h";
				SWIFT_VERSION = 5.0;
				TARGETED_DEVICE_FAMILY = "1,2";
			};
			name = Debug;
		};
		73CF6010280F1D3D00E20BCA /* Release */ = {
			isa = XCBuildConfiguration;
			buildSettings = {
				ASSETCATALOG_COMPILER_APPICON_NAME = AppIcon;
				ASSETCATALOG_COMPILER_GLOBAL_ACCENT_COLOR_NAME = AccentColor;
				CODE_SIGN_STYLE = Automatic;
				CURRENT_PROJECT_VERSION = 1;
				GENERATE_INFOPLIST_FILE = YES;
				INFOPLIST_FILE = HRPractice/Info.plist;
				INFOPLIST_KEY_UIApplicationSupportsIndirectInputEvents = YES;
				INFOPLIST_KEY_UILaunchStoryboardName = LaunchScreen;
				INFOPLIST_KEY_UIMainStoryboardFile = Main;
				INFOPLIST_KEY_UISupportedInterfaceOrientations_iPad = "UIInterfaceOrientationPortrait UIInterfaceOrientationPortraitUpsideDown UIInterfaceOrientationLandscapeLeft UIInterfaceOrientationLandscapeRight";
				INFOPLIST_KEY_UISupportedInterfaceOrientations_iPhone = "UIInterfaceOrientationPortrait UIInterfaceOrientationLandscapeLeft UIInterfaceOrientationLandscapeRight";
				LD_RUNPATH_SEARCH_PATHS = (
					"$(inherited)",
					"@executable_path/Frameworks",
				);
				MARKETING_VERSION = 1.0;
				PRODUCT_BUNDLE_IDENTIFIER = jooyoung.HRPractice;
				PRODUCT_NAME = "$(TARGET_NAME)";
				SWIFT_EMIT_LOC_STRINGS = YES;
				SWIFT_OBJC_BRIDGING_HEADER = "/Users/nohjooyoung/Desktop/asd/Xcode_Practice_MyMemory/HRPractice/HRPractice/HR-Bridging-Header.h";
				SWIFT_VERSION = 5.0;
				TARGETED_DEVICE_FAMILY = "1,2";
			};
			name = Release;
		};
/* End XCBuildConfiguration section */

/* Begin XCConfigurationList section */
		73CF5FF5280F1D3C00E20BCA /* Build configuration list for PBXProject "HRPractice" */ = {
			isa = XCConfigurationList;
			buildConfigurations = (
				73CF600C280F1D3D00E20BCA /* Debug */,
				73CF600D280F1D3D00E20BCA /* Release */,
			);
			defaultConfigurationIsVisible = 0;
			defaultConfigurationName = Release;
		};
		73CF600E280F1D3D00E20BCA /* Build configuration list for PBXNativeTarget "HRPractice" */ = {
			isa = XCConfigurationList;
			buildConfigurations = (
				73CF600F280F1D3D00E20BCA /* Debug */,
				73CF6010280F1D3D00E20BCA /* Release */,
			);
			defaultConfigurationIsVisible = 0;
			defaultConfigurationName = Release;
		};
/* End XCConfigurationList section */
	};
	rootObject = 73CF5FF2280F1D3C00E20BCA /* Project object */;
}
